{
  "name": "全面",
  "lockfileVersion": 3,
  "requires": true,
  "packages": {
    "": {
      "dependencies": {
        "tsc-node": "^0.0.3",
        "typescript": "^5.4.5"
      }
    },
    "node_modules/tsc-node": {
      "version": "0.0.3",
      "resolved": "https://registry.npmmirror.com/tsc-node/-/tsc-node-0.0.3.tgz",
      "integrity": "sha512-cCfkuHFGRUS5afZhabC9a8KEY1KD2X85KmXUu20HUUFXzJMHGfUvc6t++sy9p02dAscZsNfxKcUVbFLhTltTcA==",
      "dependencies": {
        "typescript": "^2.1.5"
      }
    },
    "node_modules/tsc-node/node_modules/typescript": {
      "version": "2.9.2",
      "resolved": "https://registry.npmmirror.com/typescript/-/typescript-2.9.2.tgz",
      "integrity": "sha512-Gr4p6nFNaoufRIY4NMdpQRNmgxVIGMs4Fcu/ujdYk3nAZqk7supzBE9idmvfZIlH/Cuj//dvi+019qEue9lV0w==",
      "bin": {
        "tsc": "bin/tsc",
        "tsserver": "bin/tsserver"
      },
      "engines": {
        "node": ">=4.2.0"
      }
    },
    "node_modules/typescript": {
      "version": "5.4.5",
      "resolved": "https://registry.npmmirror.com/typescript/-/typescript-5.4.5.tgz",
      "integrity": "sha512-vcI4UpRgg81oIRUFwR0WSIHKt11nJ7SAVlYNIu+QpqeyXP+gpQJy/Z4+F0aGxSE4MqwjyXvW/TzgkLAx2AGHwQ==",
      "bin": {
        "tsc": "bin/tsc",
        "tsserver": "bin/tsserver"
      },
      "engines": {
        "node": ">=14.17"
      }
    }
  }
}
